
Microsoft Visual Studio Solution File, Format Version 12.00
# Visual Studio 15
VisualStudioVersion = 15.0.28010.2046
MinimumVisualStudioVersion = 10.0.40219.1
Project("{888888A0-9F3D-457C-B088-3A5042F75D52}") = "DjangoWebProject1", "DjangoWebProject1\DjangoWebProject1.pyproj", "{6E80CF3B-AF50-469E-801B-17B5E1148F80}"
EndProject
Global
	GlobalSection(SolutionConfigurationPlatforms) = preSolution
		Debug|Any CPU = Debug|Any CPU
		Release|Any CPU = Release|Any CPU
	EndGlobalSection
	GlobalSection(ProjectConfigurationPlatforms) = postSolution
		{6E80CF3B-AF50-469E-801B-17B5E1148F80}.Debug|Any CPU.ActiveCfg = Debug|Any CPU
		{6E80CF3B-AF50-469E-801B-17B5E1148F80}.Debug|Any CPU.Build.0 = Debug|Any CPU
		{6E80CF3B-AF50-469E-801B-17B5E1148F80}.Release|Any CPU.ActiveCfg = Release|Any CPU
		{6E80CF3B-AF50-469E-801B-17B5E1148F80}.Release|Any CPU.Build.0 = Release|Any CPU
	EndGlobalSection
	GlobalSection(SolutionProperties) = preSolution
		HideSolutionNode = FALSE
	EndGlobalSection
	GlobalSection(ExtensibilityGlobals) = postSolution
		SolutionGuid = {B58C6FF2-504D-4EDD-8C0D-0CC9C0C98EDB}
	EndGlobalSection
EndGlobal
